
Microsoft Visual Studio Solution File, Format Version 12.00
# Visual Studio Version 17
VisualStudioVersion = 17.9.34902.65
MinimumVisualStudioVersion = 10.0.40219.1
Project("{9A19103F-16F7-4668-BE54-9A1E7A4F7556}") = "Models", "Models\Models.csproj", "{CA77A7B2-2A6D-446A-B72D-9F7B5F9C93E6}"
EndProject
Project("{9A19103F-16F7-4668-BE54-9A1E7A4F7556}") = "Services", "Services\Services.csproj", "{6AEE6763-B47F-41BF-AE49-DACD7CBC7784}"
EndProject
Global
	GlobalSection(SolutionConfigurationPlatforms) = preSolution
		Debug|Any CPU = Debug|Any CPU
		Release|Any CPU = Release|Any CPU
	EndGlobalSection
	GlobalSection(ProjectConfigurationPlatforms) = postSolution
		{CA77A7B2-2A6D-446A-B72D-9F7B5F9C93E6}.Debug|Any CPU.ActiveCfg = Debug|Any CPU
		{CA77A7B2-2A6D-446A-B72D-9F7B5F9C93E6}.Debug|Any CPU.Build.0 = Debug|Any CPU
		{CA77A7B2-2A6D-446A-B72D-9F7B5F9C93E6}.Release|Any CPU.ActiveCfg = Release|Any CPU
		{CA77A7B2-2A6D-446A-B72D-9F7B5F9C93E6}.Release|Any CPU.Build.0 = Release|Any CPU
		{6AEE6763-B47F-41BF-AE49-DACD7CBC7784}.Debug|Any CPU.ActiveCfg = Debug|Any CPU
		{6AEE6763-B47F-41BF-AE49-DACD7CBC7784}.Debug|Any CPU.Build.0 = Debug|Any CPU
		{6AEE6763-B47F-41BF-AE49-DACD7CBC7784}.Release|Any CPU.ActiveCfg = Release|Any CPU
		{6AEE6763-B47F-41BF-AE49-DACD7CBC7784}.Release|Any CPU.Build.0 = Release|Any CPU
	EndGlobalSection
	GlobalSection(SolutionProperties) = preSolution
		HideSolutionNode = FALSE
	EndGlobalSection
	GlobalSection(ExtensibilityGlobals) = postSolution
		SolutionGuid = {B47DAF54-3078-42A6-AC4C-86AE012FDB88}
	EndGlobalSection
EndGlobal
